
Microsoft Visual Studio Solution File, Format Version 12.00
# Visual Studio 15
VisualStudioVersion = 15.0.26124.0
MinimumVisualStudioVersion = 15.0.26124.0
Project("{FAE04EC0-301F-11D3-BF4B-00C04F79EFBC}") = "CompanyEmployees", "CompanyEmployees\CompanyEmployees.csproj", "{9C718AEE-ED11-4E3F-BCFD-2CEA8A89BC0F}"
EndProject
Project("{FAE04EC0-301F-11D3-BF4B-00C04F79EFBC}") = "Entities", "Entities\Entities.csproj", "{DB519230-8B90-4110-BE3D-AFA7C66381E9}"
EndProject
Project("{FAE04EC0-301F-11D3-BF4B-00C04F79EFBC}") = "Contracts", "Contracts\Contracts.csproj", "{B24B8C90-8DC3-47DF-8F04-296BAA275DEF}"
EndProject
Global
	GlobalSection(SolutionConfigurationPlatforms) = preSolution
		Debug|Any CPU = Debug|Any CPU
		Debug|x64 = Debug|x64
		Debug|x86 = Debug|x86
		Release|Any CPU = Release|Any CPU
		Release|x64 = Release|x64
		Release|x86 = Release|x86
	EndGlobalSection
	GlobalSection(SolutionProperties) = preSolution
		HideSolutionNode = FALSE
	EndGlobalSection
	GlobalSection(ProjectConfigurationPlatforms) = postSolution
		{9C718AEE-ED11-4E3F-BCFD-2CEA8A89BC0F}.Debug|Any CPU.ActiveCfg = Debug|Any CPU
		{9C718AEE-ED11-4E3F-BCFD-2CEA8A89BC0F}.Debug|Any CPU.Build.0 = Debug|Any CPU
		{9C718AEE-ED11-4E3F-BCFD-2CEA8A89BC0F}.Debug|x64.ActiveCfg = Debug|Any CPU
		{9C718AEE-ED11-4E3F-BCFD-2CEA8A89BC0F}.Debug|x64.Build.0 = Debug|Any CPU
		{9C718AEE-ED11-4E3F-BCFD-2CEA8A89BC0F}.Debug|x86.ActiveCfg = Debug|Any CPU
		{9C718AEE-ED11-4E3F-BCFD-2CEA8A89BC0F}.Debug|x86.Build.0 = Debug|Any CPU
		{9C718AEE-ED11-4E3F-BCFD-2CEA8A89BC0F}.Release|Any CPU.ActiveCfg = Release|Any CPU
		{9C718AEE-ED11-4E3F-BCFD-2CEA8A89BC0F}.Release|Any CPU.Build.0 = Release|Any CPU
		{9C718AEE-ED11-4E3F-BCFD-2CEA8A89BC0F}.Release|x64.ActiveCfg = Release|Any CPU
		{9C718AEE-ED11-4E3F-BCFD-2CEA8A89BC0F}.Release|x64.Build.0 = Release|Any CPU
		{9C718AEE-ED11-4E3F-BCFD-2CEA8A89BC0F}.Release|x86.ActiveCfg = Release|Any CPU
		{9C718AEE-ED11-4E3F-BCFD-2CEA8A89BC0F}.Release|x86.Build.0 = Release|Any CPU
		{DB519230-8B90-4110-BE3D-AFA7C66381E9}.Debug|Any CPU.ActiveCfg = Debug|Any CPU
		{DB519230-8B90-4110-BE3D-AFA7C66381E9}.Debug|Any CPU.Build.0 = Debug|Any CPU
		{DB519230-8B90-4110-BE3D-AFA7C66381E9}.Debug|x64.ActiveCfg = Debug|Any CPU
		{DB519230-8B90-4110-BE3D-AFA7C66381E9}.Debug|x64.Build.0 = Debug|Any CPU
		{DB519230-8B90-4110-BE3D-AFA7C66381E9}.Debug|x86.ActiveCfg = Debug|Any CPU
		{DB519230-8B90-4110-BE3D-AFA7C66381E9}.Debug|x86.Build.0 = Debug|Any CPU
		{DB519230-8B90-4110-BE3D-AFA7C66381E9}.Release|Any CPU.ActiveCfg = Release|Any CPU
		{DB519230-8B90-4110-BE3D-AFA7C66381E9}.Release|Any CPU.Build.0 = Release|Any CPU
		{DB519230-8B90-4110-BE3D-AFA7C66381E9}.Release|x64.ActiveCfg = Release|Any CPU
		{DB519230-8B90-4110-BE3D-AFA7C66381E9}.Release|x64.Build.0 = Release|Any CPU
		{DB519230-8B90-4110-BE3D-AFA7C66381E9}.Release|x86.ActiveCfg = Release|Any CPU
		{DB519230-8B90-4110-BE3D-AFA7C66381E9}.Release|x86.Build.0 = Release|Any CPU
		{B24B8C90-8DC3-47DF-8F04-296BAA275DEF}.Debug|Any CPU.ActiveCfg = Debug|Any CPU
		{B24B8C90-8DC3-47DF-8F04-296BAA275DEF}.Debug|Any CPU.Build.0 = Debug|Any CPU
		{B24B8C90-8DC3-47DF-8F04-296BAA275DEF}.Debug|x64.ActiveCfg = Debug|Any CPU
		{B24B8C90-8DC3-47DF-8F04-296BAA275DEF}.Debug|x64.Build.0 = Debug|Any CPU
		{B24B8C90-8DC3-47DF-8F04-296BAA275DEF}.Debug|x86.ActiveCfg = Debug|Any CPU
		{B24B8C90-8DC3-47DF-8F04-296BAA275DEF}.Debug|x86.Build.0 = Debug|Any CPU
		{B24B8C90-8DC3-47DF-8F04-296BAA275DEF}.Release|Any CPU.ActiveCfg = Release|Any CPU
		{B24B8C90-8DC3-47DF-8F04-296BAA275DEF}.Release|Any CPU.Build.0 = Release|Any CPU
		{B24B8C90-8DC3-47DF-8F04-296BAA275DEF}.Release|x64.ActiveCfg = Release|Any CPU
		{B24B8C90-8DC3-47DF-8F04-296BAA275DEF}.Release|x64.Build.0 = Release|Any CPU
		{B24B8C90-8DC3-47DF-8F04-296BAA275DEF}.Release|x86.ActiveCfg = Release|Any CPU
		{B24B8C90-8DC3-47DF-8F04-296BAA275DEF}.Release|x86.Build.0 = Release|Any CPU
	EndGlobalSection
EndGlobal
